// !$*UTF8*$!
{
	archiveVersion = 1;
	classes = {
	};
	objectVersion = 46;
	objects = {

/* Begin PBXBuildFile section */
		26B04D021E158EA700E982A3 /* MoviesViewController.swift in Sources */ = {isa = PBXBuildFile; fileRef = 26B04D011E158EA700E982A3 /* MoviesViewController.swift */; };
		26B2572B1E14C6F3004DE042 /* AppDelegate.swift in Sources */ = {isa = PBXBuildFile; fileRef = 26B2572A1E14C6F3004DE042 /* AppDelegate.swift */; };
		26B257301E14C6F3004DE042 /* Main.storyboard in Resources */ = {isa = PBXBuildFile; fileRef = 26B2572E1E14C6F3004DE042 /* Main.storyboard */; };
		26B257321E14C6F3004DE042 /* Assets.xcassets in Resources */ = {isa = PBXBuildFile; fileRef = 26B257311E14C6F3004DE042 /* Assets.xcassets */; };
		26B257351E14C6F3004DE042 /* LaunchScreen.storyboard in Resources */ = {isa = PBXBuildFile; fileRef = 26B257331E14C6F3004DE042 /* LaunchScreen.storyboard */; };
		26C817701E24422F00B54368 /* DetailViewController.swift in Sources */ = {isa = PBXBuildFile; fileRef = 26C8176F1E24422F00B54368 /* DetailViewController.swift */; };
		26EB45721E1C9F7E00FE692B /* MovieCell.swift in Sources */ = {isa = PBXBuildFile; fileRef = 26EB45711E1C9F7E00FE692B /* MovieCell.swift */; };
		36B29C68ECD0C9C248FB07A2 /* Pods_Flicks.framework in Frameworks */ = {isa = PBXBuildFile; fileRef = 4EE4B8DA1F97046F780864AF /* Pods_Flicks.framework */; };
/* End PBXBuildFile section */

/* Begin PBXFileReference section */
		26B04D011E158EA700E982A3 /* MoviesViewController.swift */ = {isa = PBXFileReference; fileEncoding = 4; lastKnownFileType = sourcecode.swift; path = MoviesViewController.swift; sourceTree = "<group>"; };
		26B257271E14C6F3004DE042 /* Flicks.app */ = {isa = PBXFileReference; explicitFileType = wrapper.application; includeInIndex = 0; path = Flicks.app; sourceTree = BUILT_PRODUCTS_DIR; };
		26B2572A1E14C6F3004DE042 /* AppDelegate.swift */ = {isa = PBXFileReference; lastKnownFileType = sourcecode.swift; path = AppDelegate.swift; sourceTree = "<group>"; };
		26B2572F1E14C6F3004DE042 /* Base */ = {isa = PBXFileReference; lastKnownFileType = file.storyboard; name = Base; path = Base.lproj/Main.storyboard; sourceTree = "<group>"; };
		26B257311E14C6F3004DE042 /* Assets.xcassets */ = {isa = PBXFileReference; lastKnownFileType = folder.assetcatalog; path = Assets.xcassets; sourceTree = "<group>"; };
		26B257341E14C6F3004DE042 /* Base */ = {isa = PBXFileReference; lastKnownFileType = file.storyboard; name = Base; path = Base.lproj/LaunchScreen.storyboard; sourceTree = "<group>"; };
		26B257361E14C6F3004DE042 /* Info.plist */ = {isa = PBXFileReference; lastKnownFileType = text.plist.xml; path = Info.plist; sourceTree = "<group>"; };
		26C8176F1E24422F00B54368 /* DetailViewController.swift */ = {isa = PBXFileReference; fileEncoding = 4; lastKnownFileType = sourcecode.swift; path = DetailViewController.swift; sourceTree = "<group>"; };
		26EB45711E1C9F7E00FE692B /* MovieCell.swift */ = {isa = PBXFileReference; fileEncoding = 4; lastKnownFileType = sourcecode.swift; path = MovieCell.swift; sourceTree = "<group>"; };
		356632A0B5ADB69E1424E5AF /* Pods-Flicks.debug.xcconfig */ = {isa = PBXFileReference; includeInIndex = 1; lastKnownFileType = text.xcconfig; name = "Pods-Flicks.debug.xcconfig"; path = "Pods/Target Support Files/Pods-Flicks/Pods-Flicks.debug.xcconfig"; sourceTree = "<group>"; };
		4EE4B8DA1F97046F780864AF /* Pods_Flicks.framework */ = {isa = PBXFileReference; explicitFileType = wrapper.framework; includeInIndex = 0; path = Pods_Flicks.framework; sourceTree = BUILT_PRODUCTS_DIR; };
		639B919BD007A5F3F21A9D90 /* Pods-Flicks.release.xcconfig */ = {isa = PBXFileReference; includeInIndex = 1; lastKnownFileType = text.xcconfig; name = "Pods-Flicks.release.xcconfig"; path = "Pods/Target Support Files/Pods-Flicks/Pods-Flicks.release.xcconfig"; sourceTree = "<group>"; };
/* End PBXFileReference section */

/* Begin PBXFrameworksBuildPhase section */
		26B257241E14C6F3004DE042 /* Frameworks */ = {
			isa = PBXFrameworksBuildPhase;
			buildActionMask = 2147483647;
			files = (
				36B29C68ECD0C9C248FB07A2 /* Pods_Flicks.framework in Frameworks */,
			);
			runOnlyForDeploymentPostprocessing = 0;
		};
/* End PBXFrameworksBuildPhase section */

/* Begin PBXGroup section */
		26B04D031E159B3000E982A3 /* Views */ = {
			isa = PBXGroup;
			children = (
				26EB45711E1C9F7E00FE692B /* MovieCell.swift */,
			);
			name = Views;
			sourceTree = "<group>";
		};
		26B04D061E159B8100E982A3 /* ViewControllers */ = {
			isa = PBXGroup;
			children = (
				26B04D011E158EA700E982A3 /* MoviesViewController.swift */,
				26C8176F1E24422F00B54368 /* DetailViewController.swift */,
			);
			name = ViewControllers;
			sourceTree = "<group>";
		};
		26B2571E1E14C6F3004DE042 = {
			isa = PBXGroup;
			children = (
				26B257291E14C6F3004DE042 /* Flicks */,
				26B257281E14C6F3004DE042 /* Products */,
				4FB6FA6413659099A7DF7367 /* Pods */,
				CA62A0C0FAC0FD7474F9A1FE /* Frameworks */,
			);
			sourceTree = "<group>";
		};
		26B257281E14C6F3004DE042 /* Products */ = {
			isa = PBXGroup;
			children = (
				26B257271E14C6F3004DE042 /* Flicks.app */,
			);
			name = Products;
			sourceTree = "<group>";
		};
		26B257291E14C6F3004DE042 /* Flicks */ = {
			isa = PBXGroup;
			children = (
				26B04D061E159B8100E982A3 /* ViewControllers */,
				26B04D031E159B3000E982A3 /* Views */,
				26B2572A1E14C6F3004DE042 /* AppDelegate.swift */,
				26B2572E1E14C6F3004DE042 /* Main.storyboard */,
				26B257311E14C6F3004DE042 /* Assets.xcassets */,
				26B257331E14C6F3004DE042 /* LaunchScreen.storyboard */,
				26B257361E14C6F3004DE042 /* Info.plist */,
			);
			path = Flicks;
			sourceTree = "<group>";
		};
		4FB6FA6413659099A7DF7367 /* Pods */ = {
			isa = PBXGroup;
			children = (
				356632A0B5ADB69E1424E5AF /* Pods-Flicks.debug.xcconfig */,
				639B919BD007A5F3F21A9D90 /* Pods-Flicks.release.xcconfig */,
			);
			name = Pods;
			sourceTree = "<group>";
		};
		CA62A0C0FAC0FD7474F9A1FE /* Frameworks */ = {
			isa = PBXGroup;
			children = (
				4EE4B8DA1F97046F780864AF /* Pods_Flicks.framework */,
			);
			name = Frameworks;
			sourceTree = "<group>";
		};
/* End PBXGroup section */

/* Begin PBXNativeTarget section */
		26B257261E14C6F3004DE042 /* Flicks */ = {
			isa = PBXNativeTarget;
			buildConfigurationList = 26B257391E14C6F3004DE042 /* Build configuration list for PBXNativeTarget "Flicks" */;
			buildPhases = (
				183DA4A2BBBA4F3B0904C733 /* [CP] Check Pods Manifest.lock */,
				26B257231E14C6F3004DE042 /* Sources */,
				26B257241E14C6F3004DE042 /* Frameworks */,
				26B257251E14C6F3004DE042 /* Resources */,
				9465A0197EF0953EE76FA122 /* [CP] Embed Pods Frameworks */,
				83F3C84061DC6AF09A1D2475 /* [CP] Copy Pods Resources */,
			);
			buildRules = (
			);
			dependencies = (
			);
			name = Flicks;
			productName = Flicks;
			productReference = 26B257271E14C6F3004DE042 /* Flicks.app */;
			productType = "com.apple.product-type.application";
		};
/* End PBXNativeTarget section */

/* Begin PBXProject section */
		26B2571F1E14C6F3004DE042 /* Project object */ = {
			isa = PBXProject;
			attributes = {
				LastSwiftUpdateCheck = 0820;
				LastUpgradeCheck = 0820;
				ORGANIZATIONNAME = "William Huang";
				TargetAttributes = {
					26B257261E14C6F3004DE042 = {
						CreatedOnToolsVersion = 8.2;
						DevelopmentTeam = KDGWDMD53Y;
						ProvisioningStyle = Automatic;
					};
				};
			};
			buildConfigurationList = 26B257221E14C6F3004DE042 /* Build configuration list for PBXProject "Flicks" */;
			compatibilityVersion = "Xcode 3.2";
			developmentRegion = English;
			hasScannedForEncodings = 0;
			knownRegions = (
				en,
				Base,
			);
			mainGroup = 26B2571E1E14C6F3004DE042;
			productRefGroup = 26B257281E14C6F3004DE042 /* Products */;
			projectDirPath = "";
			projectRoot = "";
			targets = (
				26B257261E14C6F3004DE042 /* Flicks */,
			);
		};
/* End PBXProject section */

/* Begin PBXResourcesBuildPhase section */
		26B257251E14C6F3004DE042 /* Resources */ = {
			isa = PBXResourcesBuildPhase;
			buildActionMask = 2147483647;
			files = (
				26B257351E14C6F3004DE042 /* LaunchScreen.storyboard in Resources */,
				26B257321E14C6F3004DE042 /* Assets.xcassets in Resources */,
				26B257301E14C6F3004DE042 /* Main.storyboard in Resources */,
			);
			runOnlyForDeploymentPostprocessing = 0;
		};
/* End PBXResourcesBuildPhase section */

/* Begin PBXShellScriptBuildPhase section */
		183DA4A2BBBA4F3B0904C733 /* [CP] Check Pods Manifest.lock */ = {
			isa = PBXShellScriptBuildPhase;
			buildActionMask = 2147483647;
			files = (
			);
			inputPaths = (
			);
			name = "[CP] Check Pods Manifest.lock";
			outputPaths = (
			);
			runOnlyForDeploymentPostprocessing = 0;
			shellPath = /bin/sh;
			shellScript = "diff \"${PODS_ROOT}/../Podfile.lock\" \"${PODS_ROOT}/Manifest.lock\" > /dev/null\nif [ $? != 0 ] ; then\n    # print error to STDERR\n    echo \"error: The sandbox is not in sync with the Podfile.lock. Run 'pod install' or update your CocoaPods installation.\" >&2\n    exit 1\nfi\n";
			showEnvVarsInLog = 0;
		};
		83F3C84061DC6AF09A1D2475 /* [CP] Copy Pods Resources */ = {
			isa = PBXShellScriptBuildPhase;
			buildActionMask = 2147483647;
			files = (
			);
			inputPaths = (
			);
			name = "[CP] Copy Pods Resources";
			outputPaths = (
			);
			runOnlyForDeploymentPostprocessing = 0;
			shellPath = /bin/sh;
			shellScript = "\"${SRCROOT}/Pods/Target Support Files/Pods-Flicks/Pods-Flicks-resources.sh\"\n";
			showEnvVarsInLog = 0;
		};
		9465A0197EF0953EE76FA122 /* [CP] Embed Pods Frameworks */ = {
			isa = PBXShellScriptBuildPhase;
			buildActionMask = 2147483647;
			files = (
			);
			inputPaths = (
			);
			name = "[CP] Embed Pods Frameworks";
			outputPaths = (
			);
			runOnlyForDeploymentPostprocessing = 0;
			shellPath = /bin/sh;
			shellScript = "\"${SRCROOT}/Pods/Target Support Files/Pods-Flicks/Pods-Flicks-frameworks.sh\"\n";
			showEnvVarsInLog = 0;
		};
/* End PBXShellScriptBuildPhase section */

/* Begin PBXSourcesBuildPhase section */
		26B257231E14C6F3004DE042 /* Sources */ = {
			isa = PBXSourcesBuildPhase;
			buildActionMask = 2147483647;
			files = (
				26B2572B1E14C6F3004DE042 /* AppDelegate.swift in Sources */,
				26B04D021E158EA700E982A3 /* MoviesViewController.swift in Sources */,
				26EB45721E1C9F7E00FE692B /* MovieCell.swift in Sources */,
				26C817701E24422F00B54368 /* DetailViewController.swift in Sources */,
			);
			runOnlyForDeploymentPostprocessing = 0;
		};
/* End PBXSourcesBuildPhase section */

/* Begin PBXVariantGroup section */
		26B2572E1E14C6F3004DE042 /* Main.storyboard */ = {
			isa = PBXVariantGroup;
			children = (
				26B2572F1E14C6F3004DE042 /* Base */,
			);
			name = Main.storyboard;
			sourceTree = "<group>";
		};
		26B257331E14C6F3004DE042 /* LaunchScreen.storyboard */ = {
			isa = PBXVariantGroup;
			children = (
				26B257341E14C6F3004DE042 /* Base */,
			);
			name = LaunchScreen.storyboard;
			sourceTree = "<group>";
		};
/* End PBXVariantGroup section */

/* Begin XCBuildConfiguration section */
		26B257371E14C6F3004DE042 /* Debug */ = {
			isa = XCBuildConfiguration;
			buildSettings = {
				ALWAYS_SEARCH_USER_PATHS = NO;
				CLANG_ANALYZER_NONNULL = YES;
				CLANG_CXX_LANGUAGE_STANDARD = "gnu++0x";
				CLANG_CXX_LIBRARY = "libc++";
				CLANG_ENABLE_MODULES = YES;
				CLANG_ENABLE_OBJC_ARC = YES;
				CLANG_WARN_BOOL_CONVERSION = YES;
				CLANG_WARN_CONSTANT_CONVERSION = YES;
				CLANG_WARN_DIRECT_OBJC_ISA_USAGE = YES_ERROR;
				CLANG_WARN_DOCUMENTATION_COMMENTS = YES;
				CLANG_WARN_EMPTY_BODY = YES;
				CLANG_WARN_ENUM_CONVERSION = YES;
				CLANG_WARN_INFINITE_RECURSION = YES;
				CLANG_WARN_INT_CONVERSION = YES;
				CLANG_WARN_OBJC_ROOT_CLASS = YES_ERROR;
				CLANG_WARN_SUSPICIOUS_MOVE = YES;
				CLANG_WARN_UNREACHABLE_CODE = YES;
				CLANG_WARN__DUPLICATE_METHOD_MATCH = YES;
				"CODE_SIGN_IDENTITY[sdk=iphoneos*]" = "iPhone Developer";
				COPY_PHASE_STRIP = NO;
				DEBUG_INFORMATION_FORMAT = dwarf;
				ENABLE_STRICT_OBJC_MSGSEND = YES;
				ENABLE_TESTABILITY = YES;
				GCC_C_LANGUAGE_STANDARD = gnu99;
				GCC_DYNAMIC_NO_PIC = NO;
				GCC_NO_COMMON_BLOCKS = YES;
				GCC_OPTIMIZATION_LEVEL = 0;
				GCC_PREPROCESSOR_DEFINITIONS = (
					"DEBUG=1",
					"$(inherited)",
				);
				GCC_WARN_64_TO_32_BIT_CONVERSION = YES;
				GCC_WARN_ABOUT_RETURN_TYPE = YES_ERROR;
				GCC_WARN_UNDECLARED_SELECTOR = YES;
				GCC_WARN_UNINITIALIZED_AUTOS = YES_AGGRESSIVE;
				GCC_WARN_UNUSED_FUNCTION = YES;
				GCC_WARN_UNUSED_VARIABLE = YES;
				IPHONEOS_DEPLOYMENT_TARGET = 10.2;
				MTL_ENABLE_DEBUG_INFO = YES;
				ONLY_ACTIVE_ARCH = YES;
				SDKROOT = iphoneos;
				SWIFT_ACTIVE_COMPILATION_CONDITIONS = DEBUG;
				SWIFT_OPTIMIZATION_LEVEL = "-Onone";
			};
			name = Debug;
		};
		26B257381E14C6F3004DE042 /* Release */ = {
			isa = XCBuildConfiguration;
			buildSettings = {
				ALWAYS_SEARCH_USER_PATHS = NO;
				CLANG_ANALYZER_NONNULL = YES;
				CLANG_CXX_LANGUAGE_STANDARD = "gnu++0x";
				CLANG_CXX_LIBRARY = "libc++";
				CLANG_ENABLE_MODULES = YES;
				CLANG_ENABLE_OBJC_ARC = YES;
				CLANG_WARN_BOOL_CONVERSION = YES;
				CLANG_WARN_CONSTANT_CONVERSION = YES;
				CLANG_WARN_DIRECT_OBJC_ISA_USAGE = YES_ERROR;
				CLANG_WARN_DOCUMENTATION_COMMENTS = YES;
				CLANG_WARN_EMPTY_BODY = YES;
				CLANG_WARN_ENUM_CONVERSION = YES;
				CLANG_WARN_INFINITE_RECURSION = YES;
				CLANG_WARN_INT_CONVERSION = YES;
				CLANG_WARN_OBJC_ROOT_CLASS = YES_ERROR;
				CLANG_WARN_SUSPICIOUS_MOVE = YES;
				CLANG_WARN_UNREACHABLE_CODE = YES;
				CLANG_WARN__DUPLICATE_METHOD_MATCH = YES;
				"CODE_SIGN_IDENTITY[sdk=iphoneos*]" = "iPhone Developer";
				COPY_PHASE_STRIP = NO;
				DEBUG_INFORMATION_FORMAT = "dwarf-with-dsym";
				ENABLE_NS_ASSERTIONS = NO;
				ENABLE_STRICT_OBJC_MSGSEND = YES;
				GCC_C_LANGUAGE_STANDARD = gnu99;
				GCC_NO_COMMON_BLOCKS = YES;
				GCC_WARN_64_TO_32_BIT_CONVERSION = YES;
				GCC_WARN_ABOUT_RETURN_TYPE = YES_ERROR;
				GCC_WARN_UNDECLARED_SELECTOR = YES;
				GCC_WARN_UNINITIALIZED_AUTOS = YES_AGGRESSIVE;
				GCC_WARN_UNUSED_FUNCTION = YES;
				GCC_WARN_UNUSED_VARIABLE = YES;
				IPHONEOS_DEPLOYMENT_TARGET = 10.2;
				MTL_ENABLE_DEBUG_INFO = NO;
				SDKROOT = iphoneos;
				SWIFT_OPTIMIZATION_LEVEL = "-Owholemodule";
				VALIDATE_PRODUCT = YES;
			};
			name = Release;
		};
		26B2573A1E14C6F3004DE042 /* Debug */ = {
			isa = XCBuildConfiguration;
			baseConfigurationReference = 356632A0B5ADB69E1424E5AF /* Pods-Flicks.debug.xcconfig */;
			buildSettings = {
				ASSETCATALOG_COMPILER_APPICON_NAME = AppIcon;
				DEVELOPMENT_TEAM = KDGWDMD53Y;
				INFOPLIST_FILE = Flicks/Info.plist;
				LD_RUNPATH_SEARCH_PATHS = "$(inherited) @executable_path/Frameworks";
				PRODUCT_BUNDLE_IDENTIFIER = com.williamhuang.Flicks;
				PRODUCT_NAME = "$(TARGET_NAME)";
				SWIFT_VERSION = 3.0;
			};
			name = Debug;
		};
		26B2573B1E14C6F3004DE042 /* Release */ = {
			isa = XCBuildConfiguration;
			baseConfigurationReference = 639B919BD007A5F3F21A9D90 /* Pods-Flicks.release.xcconfig */;
			buildSettings = {
				ASSETCATALOG_COMPILER_APPICON_NAME = AppIcon;
				DEVELOPMENT_TEAM = KDGWDMD53Y;
				INFOPLIST_FILE = Flicks/Info.plist;
				LD_RUNPATH_SEARCH_PATHS = "$(inherited) @executable_path/Frameworks";
				PRODUCT_BUNDLE_IDENTIFIER = com.williamhuang.Flicks;
				PRODUCT_NAME = "$(TARGET_NAME)";
				SWIFT_VERSION = 3.0;
			};
			name = Release;
		};
/* End XCBuildConfiguration section */

/* Begin XCConfigurationList section */
		26B257221E14C6F3004DE042 /* Build configuration list for PBXProject "Flicks" */ = {
			isa = XCConfigurationList;
			buildConfigurations = (
				26B257371E14C6F3004DE042 /* Debug */,
				26B257381E14C6F3004DE042 /* Release */,
			);
			defaultConfigurationIsVisible = 0;
			defaultConfigurationName = Release;
		};
		26B257391E14C6F3004DE042 /* Build configuration list for PBXNativeTarget "Flicks" */ = {
			isa = XCConfigurationList;
			buildConfigurations = (
				26B2573A1E14C6F3004DE042 /* Debug */,
				26B2573B1E14C6F3004DE042 /* Release */,
			);
			defaultConfigurationIsVisible = 0;
			defaultConfigurationName = Release;
		};
/* End XCConfigurationList section */
	};
	rootObject = 26B2571F1E14C6F3004DE042 /* Project object */;
}
